
Microsoft Visual Studio Solution File, Format Version 12.00
Project("{FAE04EC0-301F-11D3-BF4B-00C04F79EFBC}") = "APBD_CW_2", "APBD_CW_2\APBD_CW_2.csproj", "{5F8DEFF9-8FDE-4F18-B2F4-F476B3251177}"
EndProject
Global
	GlobalSection(SolutionConfigurationPlatforms) = preSolution
		Debug|Any CPU = Debug|Any CPU
		Release|Any CPU = Release|Any CPU
	EndGlobalSection
	GlobalSection(ProjectConfigurationPlatforms) = postSolution
		{5F8DEFF9-8FDE-4F18-B2F4-F476B3251177}.Debug|Any CPU.ActiveCfg = Debug|Any CPU
		{5F8DEFF9-8FDE-4F18-B2F4-F476B3251177}.Debug|Any CPU.Build.0 = Debug|Any CPU
		{5F8DEFF9-8FDE-4F18-B2F4-F476B3251177}.Release|Any CPU.ActiveCfg = Release|Any CPU
		{5F8DEFF9-8FDE-4F18-B2F4-F476B3251177}.Release|Any CPU.Build.0 = Release|Any CPU
	EndGlobalSection
EndGlobal
